
Microsoft Visual Studio Solution File, Format Version 12.00
# Visual Studio Version 17
VisualStudioVersion = 17.2.32519.379
MinimumVisualStudioVersion = 10.0.40219.1
Project("{FAE04EC0-301F-11D3-BF4B-00C04F79EFBC}") = "UniQueue", "UniQueue\UniQueue.csproj", "{84B3CC56-DA50-4B02-986A-79BE52C27A88}"
EndProject
Project("{FAE04EC0-301F-11D3-BF4B-00C04F79EFBC}") = "UniQueue.Tests", "UniQueue.Tests\UniQueue.Tests.csproj", "{409F795F-FD23-4C5B-AB50-A7F8C34A40ED}"
EndProject
Global
	GlobalSection(SolutionConfigurationPlatforms) = preSolution
		Debug|Any CPU = Debug|Any CPU
		Release|Any CPU = Release|Any CPU
	EndGlobalSection
	GlobalSection(ProjectConfigurationPlatforms) = postSolution
		{84B3CC56-DA50-4B02-986A-79BE52C27A88}.Debug|Any CPU.ActiveCfg = Debug|Any CPU
		{84B3CC56-DA50-4B02-986A-79BE52C27A88}.Debug|Any CPU.Build.0 = Debug|Any CPU
		{84B3CC56-DA50-4B02-986A-79BE52C27A88}.Release|Any CPU.ActiveCfg = Release|Any CPU
		{84B3CC56-DA50-4B02-986A-79BE52C27A88}.Release|Any CPU.Build.0 = Release|Any CPU
		{409F795F-FD23-4C5B-AB50-A7F8C34A40ED}.Debug|Any CPU.ActiveCfg = Debug|Any CPU
		{409F795F-FD23-4C5B-AB50-A7F8C34A40ED}.Debug|Any CPU.Build.0 = Debug|Any CPU
		{409F795F-FD23-4C5B-AB50-A7F8C34A40ED}.Release|Any CPU.ActiveCfg = Release|Any CPU
		{409F795F-FD23-4C5B-AB50-A7F8C34A40ED}.Release|Any CPU.Build.0 = Release|Any CPU
	EndGlobalSection
	GlobalSection(SolutionProperties) = preSolution
		HideSolutionNode = FALSE
	EndGlobalSection
	GlobalSection(ExtensibilityGlobals) = postSolution
		SolutionGuid = {3E896D43-BB23-49DF-BA61-78DFBDA6270B}
	EndGlobalSection
EndGlobal
